{
  "pins" : [
    {
      "identity" : "ctscantext",
      "kind" : "remoteSourceControl",
      "location" : "https://github.com/StewartLynch/CTScanText",
      "state" : {
        "revision" : "c1ae6d50cde32518954211fbeb18a324eabdd1ce",
        "version" : "1.0.2"
      }
    }
  ],
  "version" : 2
}
